
Microsoft Visual Studio Solution File, Format Version 12.00
# Visual Studio 15
VisualStudioVersion = 15.0.28307.1321
MinimumVisualStudioVersion = 10.0.40219.1
Project("{FAE04EC0-301F-11D3-BF4B-00C04F79EFBC}") = "KutuphaneOto", "KutuphaneOto\KutuphaneOto.csproj", "{69630A27-CDB4-46F5-8A63-0D1E6FB87229}"
EndProject
Project("{54435603-DBB4-11D2-8724-00A0C9A8B90C}") = "KutuphaneOtomasyon", "KutuphaneOtomasyon\KutuphaneOtomasyon.vdproj", "{CD7D0D53-342D-4AF9-BF80-B73ABEED366D}"
EndProject
Global
	GlobalSection(SolutionConfigurationPlatforms) = preSolution
		Debug|Any CPU = Debug|Any CPU
		Release|Any CPU = Release|Any CPU
	EndGlobalSection
	GlobalSection(ProjectConfigurationPlatforms) = postSolution
		{69630A27-CDB4-46F5-8A63-0D1E6FB87229}.Debug|Any CPU.ActiveCfg = Debug|Any CPU
		{69630A27-CDB4-46F5-8A63-0D1E6FB87229}.Debug|Any CPU.Build.0 = Debug|Any CPU
		{69630A27-CDB4-46F5-8A63-0D1E6FB87229}.Release|Any CPU.ActiveCfg = Release|Any CPU
		{69630A27-CDB4-46F5-8A63-0D1E6FB87229}.Release|Any CPU.Build.0 = Release|Any CPU
		{CD7D0D53-342D-4AF9-BF80-B73ABEED366D}.Debug|Any CPU.ActiveCfg = Debug
		{CD7D0D53-342D-4AF9-BF80-B73ABEED366D}.Release|Any CPU.ActiveCfg = Release
	EndGlobalSection
	GlobalSection(SolutionProperties) = preSolution
		HideSolutionNode = FALSE
	EndGlobalSection
	GlobalSection(ExtensibilityGlobals) = postSolution
		SolutionGuid = {2ABE522B-55A3-441A-B6DD-61B89220A492}
	EndGlobalSection
EndGlobal
